
Microsoft Visual Studio Solution File, Format Version 12.00
# Visual Studio Version 17
VisualStudioVersion = 17.0.32002.185
MinimumVisualStudioVersion = 10.0.40219.1
Project("{FAE04EC0-301F-11D3-BF4B-00C04F79EFBC}") = "CTQM_MEC", "CTQM_MEC\CTQM_MEC.csproj", "{EC5DA024-9ECB-45CF-97D7-F4330B298140}"
EndProject
Global
	GlobalSection(SolutionConfigurationPlatforms) = preSolution
		Debug|Any CPU = Debug|Any CPU
		Release|Any CPU = Release|Any CPU
	EndGlobalSection
	GlobalSection(ProjectConfigurationPlatforms) = postSolution
		{EC5DA024-9ECB-45CF-97D7-F4330B298140}.Debug|Any CPU.ActiveCfg = Debug|Any CPU
		{EC5DA024-9ECB-45CF-97D7-F4330B298140}.Debug|Any CPU.Build.0 = Debug|Any CPU
		{EC5DA024-9ECB-45CF-97D7-F4330B298140}.Release|Any CPU.ActiveCfg = Release|Any CPU
		{EC5DA024-9ECB-45CF-97D7-F4330B298140}.Release|Any CPU.Build.0 = Release|Any CPU
	EndGlobalSection
	GlobalSection(SolutionProperties) = preSolution
		HideSolutionNode = FALSE
	EndGlobalSection
	GlobalSection(ExtensibilityGlobals) = postSolution
		SolutionGuid = {2F48B727-B560-449B-9B6C-6CC55EBD2165}
	EndGlobalSection
EndGlobal
